
Microsoft Visual Studio Solution File, Format Version 12.00
# Visual Studio 14
VisualStudioVersion = 14.0.23107.0
MinimumVisualStudioVersion = 10.0.40219.1
Project("{FAE04EC0-301F-11D3-BF4B-00C04F79EFBC}") = "ForwardToSpiceworks", "OutlookAddIn1\ForwardToSpiceworks.csproj", "{49DB6B29-F42A-49F5-AAE4-7927FF8B7D60}"
EndProject
Project("{54435603-DBB4-11D2-8724-00A0C9A8B90C}") = "SpiceworksOutlookAddInInstaller", "Installer\Installer.vdproj", "{1F0285A6-EAAB-4F13-962E-91575B19521D}"
EndProject
Global
	GlobalSection(SolutionConfigurationPlatforms) = preSolution
		Debug|Any CPU = Debug|Any CPU
		Release|Any CPU = Release|Any CPU
	EndGlobalSection
	GlobalSection(ProjectConfigurationPlatforms) = postSolution
		{49DB6B29-F42A-49F5-AAE4-7927FF8B7D60}.Debug|Any CPU.ActiveCfg = Debug|Any CPU
		{49DB6B29-F42A-49F5-AAE4-7927FF8B7D60}.Debug|Any CPU.Build.0 = Debug|Any CPU
		{49DB6B29-F42A-49F5-AAE4-7927FF8B7D60}.Release|Any CPU.ActiveCfg = Release|Any CPU
		{49DB6B29-F42A-49F5-AAE4-7927FF8B7D60}.Release|Any CPU.Build.0 = Release|Any CPU
		{49DB6B29-F42A-49F5-AAE4-7927FF8B7D60}.Release|Any CPU.Deploy.0 = Release|Any CPU
		{1F0285A6-EAAB-4F13-962E-91575B19521D}.Debug|Any CPU.ActiveCfg = Debug
		{1F0285A6-EAAB-4F13-962E-91575B19521D}.Release|Any CPU.ActiveCfg = Release
		{1F0285A6-EAAB-4F13-962E-91575B19521D}.Release|Any CPU.Build.0 = Release
	EndGlobalSection
	GlobalSection(SolutionProperties) = preSolution
		HideSolutionNode = FALSE
	EndGlobalSection
EndGlobal
